// !$*UTF8*$!
{
	archiveVersion = 1;
	classes = {
	};
	objectVersion = 46;
	objects = {

/* Begin PBXBuildFile section */
		8E2F93521D1F35DF007B5078 /* AppDelegate.swift in Sources */ = {isa = PBXBuildFile; fileRef = 8E2F93511D1F35DF007B5078 /* AppDelegate.swift */; };
		8E2F93541D1F35DF007B5078 /* ViewController.swift in Sources */ = {isa = PBXBuildFile; fileRef = 8E2F93531D1F35DF007B5078 /* ViewController.swift */; };
		8E2F93571D1F35DF007B5078 /* Main.storyboard in Resources */ = {isa = PBXBuildFile; fileRef = 8E2F93551D1F35DF007B5078 /* Main.storyboard */; };
		8E2F93591D1F35DF007B5078 /* Assets.xcassets in Resources */ = {isa = PBXBuildFile; fileRef = 8E2F93581D1F35DF007B5078 /* Assets.xcassets */; };
		8E2F935C1D1F35DF007B5078 /* LaunchScreen.storyboard in Resources */ = {isa = PBXBuildFile; fileRef = 8E2F935A1D1F35DF007B5078 /* LaunchScreen.storyboard */; };
		8E2F93671D1F35E0007B5078 /* Tap_Me_Tests.swift in Sources */ = {isa = PBXBuildFile; fileRef = 8E2F93661D1F35E0007B5078 /* Tap_Me_Tests.swift */; };
		8E2F93721D1F35E0007B5078 /* Tap_Me_UITests.swift in Sources */ = {isa = PBXBuildFile; fileRef = 8E2F93711D1F35E0007B5078 /* Tap_Me_UITests.swift */; };
/* End PBXBuildFile section */

/* Begin PBXContainerItemProxy section */
		8E2F93631D1F35E0007B5078 /* PBXContainerItemProxy */ = {
			isa = PBXContainerItemProxy;
			containerPortal = 8E2F93461D1F35DF007B5078 /* Project object */;
			proxyType = 1;
			remoteGlobalIDString = 8E2F934D1D1F35DF007B5078;
			remoteInfo = "Tap Me!";
		};
		8E2F936E1D1F35E0007B5078 /* PBXContainerItemProxy */ = {
			isa = PBXContainerItemProxy;
			containerPortal = 8E2F93461D1F35DF007B5078 /* Project object */;
			proxyType = 1;
			remoteGlobalIDString = 8E2F934D1D1F35DF007B5078;
			remoteInfo = "Tap Me!";
		};
/* End PBXContainerItemProxy section */

/* Begin PBXFileReference section */
		8E2F934E1D1F35DF007B5078 /* Tap Me!.app */ = {isa = PBXFileReference; explicitFileType = wrapper.application; includeInIndex = 0; path = "Tap Me!.app"; sourceTree = BUILT_PRODUCTS_DIR; };
		8E2F93511D1F35DF007B5078 /* AppDelegate.swift */ = {isa = PBXFileReference; lastKnownFileType = sourcecode.swift; path = AppDelegate.swift; sourceTree = "<group>"; };
		8E2F93531D1F35DF007B5078 /* ViewController.swift */ = {isa = PBXFileReference; lastKnownFileType = sourcecode.swift; path = ViewController.swift; sourceTree = "<group>"; };
		8E2F93561D1F35DF007B5078 /* Base */ = {isa = PBXFileReference; lastKnownFileType = file.storyboard; name = Base; path = Base.lproj/Main.storyboard; sourceTree = "<group>"; };
		8E2F93581D1F35DF007B5078 /* Assets.xcassets */ = {isa = PBXFileReference; lastKnownFileType = folder.assetcatalog; path = Assets.xcassets; sourceTree = "<group>"; };
		8E2F935B1D1F35DF007B5078 /* Base */ = {isa = PBXFileReference; lastKnownFileType = file.storyboard; name = Base; path = Base.lproj/LaunchScreen.storyboard; sourceTree = "<group>"; };
		8E2F935D1D1F35DF007B5078 /* Info.plist */ = {isa = PBXFileReference; lastKnownFileType = text.plist.xml; path = Info.plist; sourceTree = "<group>"; };
		8E2F93621D1F35E0007B5078 /* Tap Me!Tests.xctest */ = {isa = PBXFileReference; explicitFileType = wrapper.cfbundle; includeInIndex = 0; path = "Tap Me!Tests.xctest"; sourceTree = BUILT_PRODUCTS_DIR; };
		8E2F93661D1F35E0007B5078 /* Tap_Me_Tests.swift */ = {isa = PBXFileReference; lastKnownFileType = sourcecode.swift; path = Tap_Me_Tests.swift; sourceTree = "<group>"; };
		8E2F93681D1F35E0007B5078 /* Info.plist */ = {isa = PBXFileReference; lastKnownFileType = text.plist.xml; path = Info.plist; sourceTree = "<group>"; };
		8E2F936D1D1F35E0007B5078 /* Tap Me!UITests.xctest */ = {isa = PBXFileReference; explicitFileType = wrapper.cfbundle; includeInIndex = 0; path = "Tap Me!UITests.xctest"; sourceTree = BUILT_PRODUCTS_DIR; };
		8E2F93711D1F35E0007B5078 /* Tap_Me_UITests.swift */ = {isa = PBXFileReference; lastKnownFileType = sourcecode.swift; path = Tap_Me_UITests.swift; sourceTree = "<group>"; };
		8E2F93731D1F35E0007B5078 /* Info.plist */ = {isa = PBXFileReference; lastKnownFileType = text.plist.xml; path = Info.plist; sourceTree = "<group>"; };
/* End PBXFileReference section */

/* Begin PBXFrameworksBuildPhase section */
		8E2F934B1D1F35DF007B5078 /* Frameworks */ = {
			isa = PBXFrameworksBuildPhase;
			buildActionMask = 2147483647;
			files = (
			);
			runOnlyForDeploymentPostprocessing = 0;
		};
		8E2F935F1D1F35E0007B5078 /* Frameworks */ = {
			isa = PBXFrameworksBuildPhase;
			buildActionMask = 2147483647;
			files = (
			);
			runOnlyForDeploymentPostprocessing = 0;
		};
		8E2F936A1D1F35E0007B5078 /* Frameworks */ = {
			isa = PBXFrameworksBuildPhase;
			buildActionMask = 2147483647;
			files = (
			);
			runOnlyForDeploymentPostprocessing = 0;
		};
/* End PBXFrameworksBuildPhase section */

/* Begin PBXGroup section */
		8E2F93451D1F35DF007B5078 = {
			isa = PBXGroup;
			children = (
				8E2F93501D1F35DF007B5078 /* Tap Me! */,
				8E2F93651D1F35E0007B5078 /* Tap Me!Tests */,
				8E2F93701D1F35E0007B5078 /* Tap Me!UITests */,
				8E2F934F1D1F35DF007B5078 /* Products */,
			);
			sourceTree = "<group>";
		};
		8E2F934F1D1F35DF007B5078 /* Products */ = {
			isa = PBXGroup;
			children = (
				8E2F934E1D1F35DF007B5078 /* Tap Me!.app */,
				8E2F93621D1F35E0007B5078 /* Tap Me!Tests.xctest */,
				8E2F936D1D1F35E0007B5078 /* Tap Me!UITests.xctest */,
			);
			name = Products;
			sourceTree = "<group>";
		};
		8E2F93501D1F35DF007B5078 /* Tap Me! */ = {
			isa = PBXGroup;
			children = (
				8E2F93511D1F35DF007B5078 /* AppDelegate.swift */,
				8E2F93531D1F35DF007B5078 /* ViewController.swift */,
				8E2F93551D1F35DF007B5078 /* Main.storyboard */,
				8E2F93581D1F35DF007B5078 /* Assets.xcassets */,
				8E2F935A1D1F35DF007B5078 /* LaunchScreen.storyboard */,
				8E2F935D1D1F35DF007B5078 /* Info.plist */,
			);
			path = "Tap Me!";
			sourceTree = "<group>";
		};
		8E2F93651D1F35E0007B5078 /* Tap Me!Tests */ = {
			isa = PBXGroup;
			children = (
				8E2F93661D1F35E0007B5078 /* Tap_Me_Tests.swift */,
				8E2F93681D1F35E0007B5078 /* Info.plist */,
			);
			path = "Tap Me!Tests";
			sourceTree = "<group>";
		};
		8E2F93701D1F35E0007B5078 /* Tap Me!UITests */ = {
			isa = PBXGroup;
			children = (
				8E2F93711D1F35E0007B5078 /* Tap_Me_UITests.swift */,
				8E2F93731D1F35E0007B5078 /* Info.plist */,
			);
			path = "Tap Me!UITests";
			sourceTree = "<group>";
		};
/* End PBXGroup section */

/* Begin PBXNativeTarget section */
		8E2F934D1D1F35DF007B5078 /* Tap Me! */ = {
			isa = PBXNativeTarget;
			buildConfigurationList = 8E2F93761D1F35E0007B5078 /* Build configuration list for PBXNativeTarget "Tap Me!" */;
			buildPhases = (
				8E2F934A1D1F35DF007B5078 /* Sources */,
				8E2F934B1D1F35DF007B5078 /* Frameworks */,
				8E2F934C1D1F35DF007B5078 /* Resources */,
			);
			buildRules = (
			);
			dependencies = (
			);
			name = "Tap Me!";
			productName = "Tap Me!";
			productReference = 8E2F934E1D1F35DF007B5078 /* Tap Me!.app */;
			productType = "com.apple.product-type.application";
		};
		8E2F93611D1F35E0007B5078 /* Tap Me!Tests */ = {
			isa = PBXNativeTarget;
			buildConfigurationList = 8E2F93791D1F35E0007B5078 /* Build configuration list for PBXNativeTarget "Tap Me!Tests" */;
			buildPhases = (
				8E2F935E1D1F35E0007B5078 /* Sources */,
				8E2F935F1D1F35E0007B5078 /* Frameworks */,
				8E2F93601D1F35E0007B5078 /* Resources */,
			);
			buildRules = (
			);
			dependencies = (
				8E2F93641D1F35E0007B5078 /* PBXTargetDependency */,
			);
			name = "Tap Me!Tests";
			productName = "Tap Me!Tests";
			productReference = 8E2F93621D1F35E0007B5078 /* Tap Me!Tests.xctest */;
			productType = "com.apple.product-type.bundle.unit-test";
		};
		8E2F936C1D1F35E0007B5078 /* Tap Me!UITests */ = {
			isa = PBXNativeTarget;
			buildConfigurationList = 8E2F937C1D1F35E0007B5078 /* Build configuration list for PBXNativeTarget "Tap Me!UITests" */;
			buildPhases = (
				8E2F93691D1F35E0007B5078 /* Sources */,
				8E2F936A1D1F35E0007B5078 /* Frameworks */,
				8E2F936B1D1F35E0007B5078 /* Resources */,
			);
			buildRules = (
			);
			dependencies = (
				8E2F936F1D1F35E0007B5078 /* PBXTargetDependency */,
			);
			name = "Tap Me!UITests";
			productName = "Tap Me!UITests";
			productReference = 8E2F936D1D1F35E0007B5078 /* Tap Me!UITests.xctest */;
			productType = "com.apple.product-type.bundle.ui-testing";
		};
/* End PBXNativeTarget section */

/* Begin PBXProject section */
		8E2F93461D1F35DF007B5078 /* Project object */ = {
			isa = PBXProject;
			attributes = {
				LastSwiftUpdateCheck = 0730;
				LastUpgradeCheck = 0730;
				ORGANIZATIONNAME = "Seth Penna";
				TargetAttributes = {
					8E2F934D1D1F35DF007B5078 = {
						CreatedOnToolsVersion = 7.3.1;
						DevelopmentTeam = 3CLQHW75UQ;
					};
					8E2F93611D1F35E0007B5078 = {
						CreatedOnToolsVersion = 7.3.1;
						TestTargetID = 8E2F934D1D1F35DF007B5078;
					};
					8E2F936C1D1F35E0007B5078 = {
						CreatedOnToolsVersion = 7.3.1;
						TestTargetID = 8E2F934D1D1F35DF007B5078;
					};
				};
			};
			buildConfigurationList = 8E2F93491D1F35DF007B5078 /* Build configuration list for PBXProject "Tap Me!" */;
			compatibilityVersion = "Xcode 3.2";
			developmentRegion = English;
			hasScannedForEncodings = 0;
			knownRegions = (
				en,
				Base,
			);
			mainGroup = 8E2F93451D1F35DF007B5078;
			productRefGroup = 8E2F934F1D1F35DF007B5078 /* Products */;
			projectDirPath = "";
			projectRoot = "";
			targets = (
				8E2F934D1D1F35DF007B5078 /* Tap Me! */,
				8E2F93611D1F35E0007B5078 /* Tap Me!Tests */,
				8E2F936C1D1F35E0007B5078 /* Tap Me!UITests */,
			);
		};
/* End PBXProject section */

/* Begin PBXResourcesBuildPhase section */
		8E2F934C1D1F35DF007B5078 /* Resources */ = {
			isa = PBXResourcesBuildPhase;
			buildActionMask = 2147483647;
			files = (
				8E2F935C1D1F35DF007B5078 /* LaunchScreen.storyboard in Resources */,
				8E2F93591D1F35DF007B5078 /* Assets.xcassets in Resources */,
				8E2F93571D1F35DF007B5078 /* Main.storyboard in Resources */,
			);
			runOnlyForDeploymentPostprocessing = 0;
		};
		8E2F93601D1F35E0007B5078 /* Resources */ = {
			isa = PBXResourcesBuildPhase;
			buildActionMask = 2147483647;
			files = (
			);
			runOnlyForDeploymentPostprocessing = 0;
		};
		8E2F936B1D1F35E0007B5078 /* Resources */ = {
			isa = PBXResourcesBuildPhase;
			buildActionMask = 2147483647;
			files = (
			);
			runOnlyForDeploymentPostprocessing = 0;
		};
/* End PBXResourcesBuildPhase section */

/* Begin PBXSourcesBuildPhase section */
		8E2F934A1D1F35DF007B5078 /* Sources */ = {
			isa = PBXSourcesBuildPhase;
			buildActionMask = 2147483647;
			files = (
				8E2F93541D1F35DF007B5078 /* ViewController.swift in Sources */,
				8E2F93521D1F35DF007B5078 /* AppDelegate.swift in Sources */,
			);
			runOnlyForDeploymentPostprocessing = 0;
		};
		8E2F935E1D1F35E0007B5078 /* Sources */ = {
			isa = PBXSourcesBuildPhase;
			buildActionMask = 2147483647;
			files = (
				8E2F93671D1F35E0007B5078 /* Tap_Me_Tests.swift in Sources */,
			);
			runOnlyForDeploymentPostprocessing = 0;
		};
		8E2F93691D1F35E0007B5078 /* Sources */ = {
			isa = PBXSourcesBuildPhase;
			buildActionMask = 2147483647;
			files = (
				8E2F93721D1F35E0007B5078 /* Tap_Me_UITests.swift in Sources */,
			);
			runOnlyForDeploymentPostprocessing = 0;
		};
/* End PBXSourcesBuildPhase section */

/* Begin PBXTargetDependency section */
		8E2F93641D1F35E0007B5078 /* PBXTargetDependency */ = {
			isa = PBXTargetDependency;
			target = 8E2F934D1D1F35DF007B5078 /* Tap Me! */;
			targetProxy = 8E2F93631D1F35E0007B5078 /* PBXContainerItemProxy */;
		};
		8E2F936F1D1F35E0007B5078 /* PBXTargetDependency */ = {
			isa = PBXTargetDependency;
			target = 8E2F934D1D1F35DF007B5078 /* Tap Me! */;
			targetProxy = 8E2F936E1D1F35E0007B5078 /* PBXContainerItemProxy */;
		};
/* End PBXTargetDependency section */

/* Begin PBXVariantGroup section */
		8E2F93551D1F35DF007B5078 /* Main.storyboard */ = {
			isa = PBXVariantGroup;
			children = (
				8E2F93561D1F35DF007B5078 /* Base */,
			);
			name = Main.storyboard;
			sourceTree = "<group>";
		};
		8E2F935A1D1F35DF007B5078 /* LaunchScreen.storyboard */ = {
			isa = PBXVariantGroup;
			children = (
				8E2F935B1D1F35DF007B5078 /* Base */,
			);
			name = LaunchScreen.storyboard;
			sourceTree = "<group>";
		};
/* End PBXVariantGroup section */

/* Begin XCBuildConfiguration section */
		8E2F93741D1F35E0007B5078 /* Debug */ = {
			isa = XCBuildConfiguration;
			buildSettings = {
				ALWAYS_SEARCH_USER_PATHS = NO;
				CLANG_ANALYZER_NONNULL = YES;
				CLANG_CXX_LANGUAGE_STANDARD = "gnu++0x";
				CLANG_CXX_LIBRARY = "libc++";
				CLANG_ENABLE_MODULES = YES;
				CLANG_ENABLE_OBJC_ARC = YES;
				CLANG_WARN_BOOL_CONVERSION = YES;
				CLANG_WARN_CONSTANT_CONVERSION = YES;
				CLANG_WARN_DIRECT_OBJC_ISA_USAGE = YES_ERROR;
				CLANG_WARN_EMPTY_BODY = YES;
				CLANG_WARN_ENUM_CONVERSION = YES;
				CLANG_WARN_INT_CONVERSION = YES;
				CLANG_WARN_OBJC_ROOT_CLASS = YES_ERROR;
				CLANG_WARN_UNREACHABLE_CODE = YES;
				CLANG_WARN__DUPLICATE_METHOD_MATCH = YES;
				"CODE_SIGN_IDENTITY[sdk=iphoneos*]" = "iPhone Developer";
				COPY_PHASE_STRIP = NO;
				DEBUG_INFORMATION_FORMAT = dwarf;
				ENABLE_STRICT_OBJC_MSGSEND = YES;
				ENABLE_TESTABILITY = YES;
				GCC_C_LANGUAGE_STANDARD = gnu99;
				GCC_DYNAMIC_NO_PIC = NO;
				GCC_NO_COMMON_BLOCKS = YES;
				GCC_OPTIMIZATION_LEVEL = 0;
				GCC_PREPROCESSOR_DEFINITIONS = (
					"DEBUG=1",
					"$(inherited)",
				);
				GCC_WARN_64_TO_32_BIT_CONVERSION = YES;
				GCC_WARN_ABOUT_RETURN_TYPE = YES_ERROR;
				GCC_WARN_UNDECLARED_SELECTOR = YES;
				GCC_WARN_UNINITIALIZED_AUTOS = YES_AGGRESSIVE;
				GCC_WARN_UNUSED_FUNCTION = YES;
				GCC_WARN_UNUSED_VARIABLE = YES;
				IPHONEOS_DEPLOYMENT_TARGET = 9.3;
				MTL_ENABLE_DEBUG_INFO = YES;
				ONLY_ACTIVE_ARCH = YES;
				SDKROOT = iphoneos;
				SWIFT_OPTIMIZATION_LEVEL = "-Onone";
			};
			name = Debug;
		};
		8E2F93751D1F35E0007B5078 /* Release */ = {
			isa = XCBuildConfiguration;
			buildSettings = {
				ALWAYS_SEARCH_USER_PATHS = NO;
				CLANG_ANALYZER_NONNULL = YES;
				CLANG_CXX_LANGUAGE_STANDARD = "gnu++0x";
				CLANG_CXX_LIBRARY = "libc++";
				CLANG_ENABLE_MODULES = YES;
				CLANG_ENABLE_OBJC_ARC = YES;
				CLANG_WARN_BOOL_CONVERSION = YES;
				CLANG_WARN_CONSTANT_CONVERSION = YES;
				CLANG_WARN_DIRECT_OBJC_ISA_USAGE = YES_ERROR;
				CLANG_WARN_EMPTY_BODY = YES;
				CLANG_WARN_ENUM_CONVERSION = YES;
				CLANG_WARN_INT_CONVERSION = YES;
				CLANG_WARN_OBJC_ROOT_CLASS = YES_ERROR;
				CLANG_WARN_UNREACHABLE_CODE = YES;
				CLANG_WARN__DUPLICATE_METHOD_MATCH = YES;
				"CODE_SIGN_IDENTITY[sdk=iphoneos*]" = "iPhone Developer";
				COPY_PHASE_STRIP = NO;
				DEBUG_INFORMATION_FORMAT = "dwarf-with-dsym";
				ENABLE_NS_ASSERTIONS = NO;
				ENABLE_STRICT_OBJC_MSGSEND = YES;
				GCC_C_LANGUAGE_STANDARD = gnu99;
				GCC_NO_COMMON_BLOCKS = YES;
				GCC_WARN_64_TO_32_BIT_CONVERSION = YES;
				GCC_WARN_ABOUT_RETURN_TYPE = YES_ERROR;
				GCC_WARN_UNDECLARED_SELECTOR = YES;
				GCC_WARN_UNINITIALIZED_AUTOS = YES_AGGRESSIVE;
				GCC_WARN_UNUSED_FUNCTION = YES;
				GCC_WARN_UNUSED_VARIABLE = YES;
				IPHONEOS_DEPLOYMENT_TARGET = 9.3;
				MTL_ENABLE_DEBUG_INFO = NO;
				SDKROOT = iphoneos;
				VALIDATE_PRODUCT = YES;
			};
			name = Release;
		};
		8E2F93771D1F35E0007B5078 /* Debug */ = {
			isa = XCBuildConfiguration;
			buildSettings = {
				ASSETCATALOG_COMPILER_APPICON_NAME = AppIcon;
				CODE_SIGN_IDENTITY = "iPhone Developer";
				"CODE_SIGN_IDENTITY[sdk=iphoneos*]" = "iPhone Developer";
				INFOPLIST_FILE = "Tap Me!/Info.plist";
				LD_RUNPATH_SEARCH_PATHS = "$(inherited) @executable_path/Frameworks";
				PRODUCT_BUNDLE_IDENTIFIER = "smp.Tap-Me-";
				PRODUCT_NAME = "$(TARGET_NAME)";
				PROVISIONING_PROFILE = "";
			};
			name = Debug;
		};
		8E2F93781D1F35E0007B5078 /* Release */ = {
			isa = XCBuildConfiguration;
			buildSettings = {
				ASSETCATALOG_COMPILER_APPICON_NAME = AppIcon;
				CODE_SIGN_IDENTITY = "iPhone Developer";
				"CODE_SIGN_IDENTITY[sdk=iphoneos*]" = "iPhone Developer";
				INFOPLIST_FILE = "Tap Me!/Info.plist";
				LD_RUNPATH_SEARCH_PATHS = "$(inherited) @executable_path/Frameworks";
				PRODUCT_BUNDLE_IDENTIFIER = "smp.Tap-Me-";
				PRODUCT_NAME = "$(TARGET_NAME)";
				PROVISIONING_PROFILE = "";
			};
			name = Release;
		};
		8E2F937A1D1F35E0007B5078 /* Debug */ = {
			isa = XCBuildConfiguration;
			buildSettings = {
				BUNDLE_LOADER = "$(TEST_HOST)";
				INFOPLIST_FILE = "Tap Me!Tests/Info.plist";
				LD_RUNPATH_SEARCH_PATHS = "$(inherited) @executable_path/Frameworks @loader_path/Frameworks";
				PRODUCT_BUNDLE_IDENTIFIER = "smp.Tap-Me-Tests";
				PRODUCT_NAME = "$(TARGET_NAME)";
				TEST_HOST = "$(BUILT_PRODUCTS_DIR)/Tap Me!.app/Tap Me!";
			};
			name = Debug;
		};
		8E2F937B1D1F35E0007B5078 /* Release */ = {
			isa = XCBuildConfiguration;
			buildSettings = {
				BUNDLE_LOADER = "$(TEST_HOST)";
				INFOPLIST_FILE = "Tap Me!Tests/Info.plist";
				LD_RUNPATH_SEARCH_PATHS = "$(inherited) @executable_path/Frameworks @loader_path/Frameworks";
				PRODUCT_BUNDLE_IDENTIFIER = "smp.Tap-Me-Tests";
				PRODUCT_NAME = "$(TARGET_NAME)";
				TEST_HOST = "$(BUILT_PRODUCTS_DIR)/Tap Me!.app/Tap Me!";
			};
			name = Release;
		};
		8E2F937D1D1F35E0007B5078 /* Debug */ = {
			isa = XCBuildConfiguration;
			buildSettings = {
				INFOPLIST_FILE = "Tap Me!UITests/Info.plist";
				LD_RUNPATH_SEARCH_PATHS = "$(inherited) @executable_path/Frameworks @loader_path/Frameworks";
				PRODUCT_BUNDLE_IDENTIFIER = "smp.Tap-Me-UITests";
				PRODUCT_NAME = "$(TARGET_NAME)";
				TEST_TARGET_NAME = "Tap Me!";
			};
			name = Debug;
		};
		8E2F937E1D1F35E0007B5078 /* Release */ = {
			isa = XCBuildConfiguration;
			buildSettings = {
				INFOPLIST_FILE = "Tap Me!UITests/Info.plist";
				LD_RUNPATH_SEARCH_PATHS = "$(inherited) @executable_path/Frameworks @loader_path/Frameworks";
				PRODUCT_BUNDLE_IDENTIFIER = "smp.Tap-Me-UITests";
				PRODUCT_NAME = "$(TARGET_NAME)";
				TEST_TARGET_NAME = "Tap Me!";
			};
			name = Release;
		};
/* End XCBuildConfiguration section */

/* Begin XCConfigurationList section */
		8E2F93491D1F35DF007B5078 /* Build configuration list for PBXProject "Tap Me!" */ = {
			isa = XCConfigurationList;
			buildConfigurations = (
				8E2F93741D1F35E0007B5078 /* Debug */,
				8E2F93751D1F35E0007B5078 /* Release */,
			);
			defaultConfigurationIsVisible = 0;
			defaultConfigurationName = Release;
		};
		8E2F93761D1F35E0007B5078 /* Build configuration list for PBXNativeTarget "Tap Me!" */ = {
			isa = XCConfigurationList;
			buildConfigurations = (
				8E2F93771D1F35E0007B5078 /* Debug */,
				8E2F93781D1F35E0007B5078 /* Release */,
			);
			defaultConfigurationIsVisible = 0;
		};
		8E2F93791D1F35E0007B5078 /* Build configuration list for PBXNativeTarget "Tap Me!Tests" */ = {
			isa = XCConfigurationList;
			buildConfigurations = (
				8E2F937A1D1F35E0007B5078 /* Debug */,
				8E2F937B1D1F35E0007B5078 /* Release */,
			);
			defaultConfigurationIsVisible = 0;
		};
		8E2F937C1D1F35E0007B5078 /* Build configuration list for PBXNativeTarget "Tap Me!UITests" */ = {
			isa = XCConfigurationList;
			buildConfigurations = (
				8E2F937D1D1F35E0007B5078 /* Debug */,
				8E2F937E1D1F35E0007B5078 /* Release */,
			);
			defaultConfigurationIsVisible = 0;
		};
/* End XCConfigurationList section */
	};
	rootObject = 8E2F93461D1F35DF007B5078 /* Project object */;
}
